<?xml version="1.0" encoding="UTF-8"?>
<CONFIG>
  <ProjectOptions>
    <Version Value="10"/>
    <General>
      <SessionStorage Value="InProjectDir"/>
      <MainUnit Value="0"/>
      <Title Value="TomiNote"/>
      <ResourceType Value="res"/>
      <UseXPManifest Value="True"/>
    </General>
    <i18n>
      <EnableI18N Value="True"/>
      <OutDir Value="languages"/>
      <ExcludedOriginals Count="27">
        <Item1 Value="-Cut(&amp;X)"/>
        <Item2 Value="-Copy(&amp;C)"/>
        <Item3 Value="-Paste(&amp;V)"/>
        <Item4 Value="-Select All(&amp;A)"/>
        <Item5 Value="-Delete(&amp;D)"/>
        <Item6 Value="-Undo(&amp;U)"/>
        <Item7 Value="-Redo(&amp;R)"/>
        <Item8 Value="-Rename(&amp;R)"/>
        <Item9 Value="-Add To Front(&amp;A)"/>
        <Item10 Value="-Add To Behind(&amp;S)"/>
        <Item11 Value="-Add To Child First(&amp;Z)"/>
        <Item12 Value="-Add To Child Last(&amp;X)"/>
        <Item13 Value="-Delete Node(&amp;D)"/>
        <Item14 Value="-Size"/>
        <Item15 Value="-Fore Color"/>
        <Item16 Value="-Back Color"/>
        <Item17 Value="-Reset to default"/>
        <Item18 Value="-Search"/>
        <Item19 Value="-Ignore Case"/>
        <Item20 Value="-Multi-Line"/>
        <Item21 Value="-Non-Greedy"/>
        <Item22 Value="-Add prefix number (Length)"/>
        <Item23 Value="-General"/>
        <Item24 Value="-Layout"/>
        <Item25 Value="-Theme"/>
        <Item26 Value="-Other"/>
        <Item27 Value="-Edit Script"/>
      </ExcludedOriginals>
    </i18n>
    <BuildModes Count="3">
      <Item1 Name="Default" Default="True"/>
      <Item2 Name="Debug">
        <CompilerOptions>
          <Version Value="11"/>
          <Target>
            <Filename Value="TomiNote"/>
          </Target>
          <SearchPaths>
            <IncludeFiles Value="$(ProjOutDir);Forms"/>
            <OtherUnitFiles Value="Forms;Units"/>
            <UnitOutputDirectory Value="lib/$(TargetCPU)-$(TargetOS)"/>
          </SearchPaths>
          <Parsing>
            <SyntaxOptions>
              <IncludeAssertionCode Value="True"/>
            </SyntaxOptions>
          </Parsing>
          <CodeGeneration>
            <Checks>
              <IOChecks Value="True"/>
              <RangeChecks Value="True"/>
              <OverflowChecks Value="True"/>
              <StackChecks Value="True"/>
            </Checks>
            <VerifyObjMethodCallValidity Value="True"/>
          </CodeGeneration>
          <Linking>
            <Debugging>
              <DebugInfoType Value="dsDwarf2Set"/>
              <UseHeaptrc Value="True"/>
              <TrashVariables Value="True"/>
              <UseExternalDbgSyms Value="True"/>
            </Debugging>
            <Options>
              <Win32>
                <GraphicApplication Value="True"/>
              </Win32>
            </Options>
          </Linking>
          <Other>
            <CustomOptions Value="-dUseCThreads"/>
          </Other>
        </CompilerOptions>
      </Item2>
      <Item3 Name="Release">
        <CompilerOptions>
          <Version Value="11"/>
          <Target>
            <Filename Value="TomiNote"/>
          </Target>
          <SearchPaths>
            <IncludeFiles Value="$(ProjOutDir);Forms"/>
            <OtherUnitFiles Value="Forms;Units"/>
            <UnitOutputDirectory Value="lib/$(TargetCPU)-$(TargetOS)"/>
          </SearchPaths>
          <CodeGeneration>
            <SmartLinkUnit Value="True"/>
            <Optimizations>
              <OptimizationLevel Value="3"/>
            </Optimizations>
          </CodeGeneration>
          <Linking>
            <Debugging>
              <GenerateDebugInfo Value="False"/>
            </Debugging>
            <LinkSmart Value="True"/>
            <Options>
              <Win32>
                <GraphicApplication Value="True"/>
              </Win32>
            </Options>
          </Linking>
          <Other>
            <CustomOptions Value="-dUseCThreads"/>
          </Other>
        </CompilerOptions>
      </Item3>
    </BuildModes>
    <PublishOptions>
      <Version Value="2"/>
    </PublishOptions>
    <RunParams>
      <local>
        <FormatVersion Value="1"/>
      </local>
    </RunParams>
    <RequiredPackages Count="1">
      <Item1>
        <PackageName Value="LCL"/>
      </Item1>
    </RequiredPackages>
    <Units Count="20">
      <Unit0>
        <Filename Value="TomiNote.lpr"/>
        <IsPartOfProject Value="True"/>
      </Unit0>
      <Unit1>
        <Filename Value="Forms/fmain.pas"/>
        <IsPartOfProject Value="True"/>
        <ComponentName Value="formMain"/>
        <HasResources Value="True"/>
        <ResourceBaseClass Value="Form"/>
        <UnitName Value="fMain"/>
      </Unit1>
      <Unit2>
        <Filename Value="Units/uresources.pas"/>
        <IsPartOfProject Value="True"/>
        <UnitName Value="uResources"/>
      </Unit2>
      <Unit3>
        <Filename Value="Forms/fMainInterface.inc"/>
        <IsPartOfProject Value="True"/>
      </Unit3>
      <Unit4>
        <Filename Value="Units/uconfig.pas"/>
        <IsPartOfProject Value="True"/>
        <UnitName Value="uConfig"/>
      </Unit4>
      <Unit5>
        <Filename Value="Forms/foptions.pas"/>
        <IsPartOfProject Value="True"/>
        <ComponentName Value="formOptions"/>
        <HasResources Value="True"/>
        <ResourceBaseClass Value="Form"/>
        <UnitName Value="fOptions"/>
      </Unit5>
      <Unit6>
        <Filename Value="Forms/fMainTreeDB.inc"/>
        <IsPartOfProject Value="True"/>
      </Unit6>
      <Unit7>
        <Filename Value="Units/utreedb.pas"/>
        <IsPartOfProject Value="True"/>
        <UnitName Value="uTreeDB"/>
      </Unit7>
      <Unit8>
        <Filename Value="Units/uhistory.pas"/>
        <IsPartOfProject Value="True"/>
        <UnitName Value="uHistory"/>
      </Unit8>
      <Unit9>
        <Filename Value="Units/ucommon.pas"/>
        <IsPartOfProject Value="True"/>
        <UnitName Value="uCommon"/>
      </Unit9>
      <Unit10>
        <Filename Value="Forms/fMainSearch.inc"/>
        <IsPartOfProject Value="True"/>
      </Unit10>
      <Unit11>
        <Filename Value="Forms/fsearch.pas"/>
        <IsPartOfProject Value="True"/>
        <ComponentName Value="formSearch"/>
        <HasResources Value="True"/>
        <ResourceBaseClass Value="Form"/>
        <UnitName Value="fSearch"/>
      </Unit11>
      <Unit12>
        <Filename Value="Units/usearch.pas"/>
        <IsPartOfProject Value="True"/>
        <UnitName Value="uSearch"/>
      </Unit12>
      <Unit13>
        <Filename Value="Forms/fMainImportExport.inc"/>
        <IsPartOfProject Value="True"/>
      </Unit13>
      <Unit14>
        <Filename Value="Forms/fimport.pas"/>
        <IsPartOfProject Value="True"/>
        <ComponentName Value="formImport"/>
        <HasResources Value="True"/>
        <ResourceBaseClass Value="Form"/>
        <UnitName Value="fImport"/>
      </Unit14>
      <Unit15>
        <Filename Value="Forms/fexport.pas"/>
        <IsPartOfProject Value="True"/>
        <ComponentName Value="formExport"/>
        <HasResources Value="True"/>
        <ResourceBaseClass Value="Form"/>
        <UnitName Value="fExport"/>
      </Unit15>
      <Unit16>
        <Filename Value="Forms/fMainExtend.inc"/>
        <IsPartOfProject Value="True"/>
      </Unit16>
      <Unit17>
        <Filename Value="Units/uedithistory.pas"/>
        <IsPartOfProject Value="True"/>
        <UnitName Value="uEditHistory"/>
      </Unit17>
      <Unit18>
        <Filename Value="Forms/futils.pas"/>
        <IsPartOfProject Value="True"/>
        <ComponentName Value="formUtils"/>
        <HasResources Value="True"/>
        <ResourceBaseClass Value="Form"/>
        <UnitName Value="fUtils"/>
      </Unit18>
      <Unit19>
        <Filename Value="Units/uscript.pas"/>
        <IsPartOfProject Value="True"/>
        <UnitName Value="uScript"/>
      </Unit19>
    </Units>
  </ProjectOptions>
  <CompilerOptions>
    <Version Value="11"/>
    <Target>
      <Filename Value="TomiNote"/>
    </Target>
    <SearchPaths>
      <IncludeFiles Value="$(ProjOutDir);Forms"/>
      <OtherUnitFiles Value="Forms;Units"/>
      <UnitOutputDirectory Value="lib/$(TargetCPU)-$(TargetOS)"/>
    </SearchPaths>
    <Linking>
      <Options>
        <Win32>
          <GraphicApplication Value="True"/>
        </Win32>
      </Options>
    </Linking>
    <Other>
      <CustomOptions Value="-dUseCThreads"/>
    </Other>
  </CompilerOptions>
  <Debugging>
    <Exceptions Count="3">
      <Item1>
        <Name Value="EAbort"/>
      </Item1>
      <Item2>
        <Name Value="ECodetoolError"/>
      </Item2>
      <Item3>
        <Name Value="EFOpenError"/>
      </Item3>
    </Exceptions>
  </Debugging>
</CONFIG>
